Microsoft Visual Studio Solution File, Format Version 12.00
# Visual Studio Version 17
VisualStudioVersion = 17.5.2.0
MinimumVisualStudioVersion = 10.0.40219.1
Project("{FAE04EC0-301F-11D3-BF4B-00C04F79EFBC}") = "StorageQueueReaderService", "StorageQueueReaderService.csproj", "{2FFCEB9D-043A-64E8-4528-44F19036D8FE}"
EndProject
Global
	GlobalSection(SolutionConfigurationPlatforms) = preSolution
		Debug|Any CPU = Debug|Any CPU
		Release|Any CPU = Release|Any CPU
	EndGlobalSection
	GlobalSection(ProjectConfigurationPlatforms) = postSolution
		{2FFCEB9D-043A-64E8-4528-44F19036D8FE}.Debug|Any CPU.ActiveCfg = Debug|Any CPU
		{2FFCEB9D-043A-64E8-4528-44F19036D8FE}.Debug|Any CPU.Build.0 = Debug|Any CPU
		{2FFCEB9D-043A-64E8-4528-44F19036D8FE}.Release|Any CPU.ActiveCfg = Release|Any CPU
		{2FFCEB9D-043A-64E8-4528-44F19036D8FE}.Release|Any CPU.Build.0 = Release|Any CPU
	EndGlobalSection
	GlobalSection(SolutionProperties) = preSolution
		HideSolutionNode = FALSE
	EndGlobalSection
	GlobalSection(ExtensibilityGlobals) = postSolution
		SolutionGuid = {4C3BF8D2-D758-4CB3-B139-3F7920EB7146}
	EndGlobalSection
EndGlobal
